
Microsoft Visual Studio Solution File, Format Version 12.00
# Visual Studio Version 17
VisualStudioVersion = 17.3.32825.248
MinimumVisualStudioVersion = 10.0.40219.1
Project("{FAE04EC0-301F-11D3-BF4B-00C04F79EFBC}") = "MireaChatBot", "MireaChatBot\MireaChatBot.csproj", "{3E576E4C-249B-4D3A-B0D3-1FFA4EFEC2CA}"
EndProject
Global
	GlobalSection(SolutionConfigurationPlatforms) = preSolution
		Debug|Any CPU = Debug|Any CPU
		Release|Any CPU = Release|Any CPU
	EndGlobalSection
	GlobalSection(ProjectConfigurationPlatforms) = postSolution
		{3E576E4C-249B-4D3A-B0D3-1FFA4EFEC2CA}.Debug|Any CPU.ActiveCfg = Debug|Any CPU
		{3E576E4C-249B-4D3A-B0D3-1FFA4EFEC2CA}.Debug|Any CPU.Build.0 = Debug|Any CPU
		{3E576E4C-249B-4D3A-B0D3-1FFA4EFEC2CA}.Release|Any CPU.ActiveCfg = Release|Any CPU
		{3E576E4C-249B-4D3A-B0D3-1FFA4EFEC2CA}.Release|Any CPU.Build.0 = Release|Any CPU
	EndGlobalSection
	GlobalSection(SolutionProperties) = preSolution
		HideSolutionNode = FALSE
	EndGlobalSection
	GlobalSection(ExtensibilityGlobals) = postSolution
		SolutionGuid = {E70D0ADE-4FCB-44BB-86AB-52A686BEB790}
	EndGlobalSection
EndGlobal
